// !$*UTF8*$!
{
	archiveVersion = 1;
	classes = {
	};
	objectVersion = 46;
	objects = {

/* Begin PBXBuildFile section */
		08171E95138D1E0B055625A7 /* Pods.framework in Frameworks */ = {isa = PBXBuildFile; fileRef = 8772EFE07D2EA7682547A014 /* Pods.framework */; };
		BC04E5D81C7065070092CC46 /* TwitterClient.swift in Sources */ = {isa = PBXBuildFile; fileRef = BC04E5D71C7065070092CC46 /* TwitterClient.swift */; };
		BC04E5DB1C7078E60092CC46 /* User.swift in Sources */ = {isa = PBXBuildFile; fileRef = BC04E5DA1C7078E60092CC46 /* User.swift */; };
		BC04E5DD1C7078F80092CC46 /* Tweet.swift in Sources */ = {isa = PBXBuildFile; fileRef = BC04E5DC1C7078F80092CC46 /* Tweet.swift */; };
		BC04E5DF1C708F440092CC46 /* TweetsViewController.swift in Sources */ = {isa = PBXBuildFile; fileRef = BC04E5DE1C708F440092CC46 /* TweetsViewController.swift */; };
		BC04E5E31C710BB40092CC46 /* TweetCell.swift in Sources */ = {isa = PBXBuildFile; fileRef = BC04E5E21C710BB40092CC46 /* TweetCell.swift */; };
		BCF5FE4C1C6C450A0098F159 /* AppDelegate.swift in Sources */ = {isa = PBXBuildFile; fileRef = BCF5FE4B1C6C450A0098F159 /* AppDelegate.swift */; };
		BCF5FE4E1C6C450A0098F159 /* ViewController.swift in Sources */ = {isa = PBXBuildFile; fileRef = BCF5FE4D1C6C450A0098F159 /* ViewController.swift */; };
		BCF5FE511C6C450A0098F159 /* Main.storyboard in Resources */ = {isa = PBXBuildFile; fileRef = BCF5FE4F1C6C450A0098F159 /* Main.storyboard */; };
		BCF5FE531C6C450A0098F159 /* Assets.xcassets in Resources */ = {isa = PBXBuildFile; fileRef = BCF5FE521C6C450A0098F159 /* Assets.xcassets */; };
		BCF5FE561C6C450A0098F159 /* LaunchScreen.storyboard in Resources */ = {isa = PBXBuildFile; fileRef = BCF5FE541C6C450A0098F159 /* LaunchScreen.storyboard */; };
/* End PBXBuildFile section */

/* Begin PBXFileReference section */
		8772EFE07D2EA7682547A014 /* Pods.framework */ = {isa = PBXFileReference; explicitFileType = wrapper.framework; includeInIndex = 0; path = Pods.framework; sourceTree = BUILT_PRODUCTS_DIR; };
		BC04E5D71C7065070092CC46 /* TwitterClient.swift */ = {isa = PBXFileReference; fileEncoding = 4; lastKnownFileType = sourcecode.swift; path = TwitterClient.swift; sourceTree = "<group>"; };
		BC04E5DA1C7078E60092CC46 /* User.swift */ = {isa = PBXFileReference; fileEncoding = 4; lastKnownFileType = sourcecode.swift; path = User.swift; sourceTree = "<group>"; };
		BC04E5DC1C7078F80092CC46 /* Tweet.swift */ = {isa = PBXFileReference; fileEncoding = 4; lastKnownFileType = sourcecode.swift; path = Tweet.swift; sourceTree = "<group>"; };
		BC04E5DE1C708F440092CC46 /* TweetsViewController.swift */ = {isa = PBXFileReference; fileEncoding = 4; lastKnownFileType = sourcecode.swift; path = TweetsViewController.swift; sourceTree = "<group>"; };
		BC04E5E21C710BB40092CC46 /* TweetCell.swift */ = {isa = PBXFileReference; fileEncoding = 4; lastKnownFileType = sourcecode.swift; path = TweetCell.swift; sourceTree = "<group>"; };
		BCF5FE481C6C450A0098F159 /* Twitter.app */ = {isa = PBXFileReference; explicitFileType = wrapper.application; includeInIndex = 0; path = Twitter.app; sourceTree = BUILT_PRODUCTS_DIR; };
		BCF5FE4B1C6C450A0098F159 /* AppDelegate.swift */ = {isa = PBXFileReference; lastKnownFileType = sourcecode.swift; path = AppDelegate.swift; sourceTree = "<group>"; };
		BCF5FE4D1C6C450A0098F159 /* ViewController.swift */ = {isa = PBXFileReference; lastKnownFileType = sourcecode.swift; path = ViewController.swift; sourceTree = "<group>"; };
		BCF5FE501C6C450A0098F159 /* Base */ = {isa = PBXFileReference; lastKnownFileType = file.storyboard; name = Base; path = Base.lproj/Main.storyboard; sourceTree = "<group>"; };
		BCF5FE521C6C450A0098F159 /* Assets.xcassets */ = {isa = PBXFileReference; lastKnownFileType = folder.assetcatalog; path = Assets.xcassets; sourceTree = "<group>"; };
		BCF5FE551C6C450A0098F159 /* Base */ = {isa = PBXFileReference; lastKnownFileType = file.storyboard; name = Base; path = Base.lproj/LaunchScreen.storyboard; sourceTree = "<group>"; };
		BCF5FE571C6C450A0098F159 /* Info.plist */ = {isa = PBXFileReference; lastKnownFileType = text.plist.xml; path = Info.plist; sourceTree = "<group>"; };
		C75E231D292A99A0CC5B7EC8 /* Pods.release.xcconfig */ = {isa = PBXFileReference; includeInIndex = 1; lastKnownFileType = text.xcconfig; name = Pods.release.xcconfig; path = "Pods/Target Support Files/Pods/Pods.release.xcconfig"; sourceTree = "<group>"; };
		EBA51023479AA1387EDF0812 /* Pods.debug.xcconfig */ = {isa = PBXFileReference; includeInIndex = 1; lastKnownFileType = text.xcconfig; name = Pods.debug.xcconfig; path = "Pods/Target Support Files/Pods/Pods.debug.xcconfig"; sourceTree = "<group>"; };
/* End PBXFileReference section */

/* Begin PBXFrameworksBuildPhase section */
		BCF5FE451C6C450A0098F159 /* Frameworks */ = {
			isa = PBXFrameworksBuildPhase;
			buildActionMask = 2147483647;
			files = (
				08171E95138D1E0B055625A7 /* Pods.framework in Frameworks */,
			);
			runOnlyForDeploymentPostprocessing = 0;
		};
/* End PBXFrameworksBuildPhase section */

/* Begin PBXGroup section */
		6C70EE64FFF7F8BE8361C70D /* Frameworks */ = {
			isa = PBXGroup;
			children = (
				8772EFE07D2EA7682547A014 /* Pods.framework */,
			);
			name = Frameworks;
			sourceTree = "<group>";
		};
		8D00CDD19547D7620E3D4B62 /* Pods */ = {
			isa = PBXGroup;
			children = (
				EBA51023479AA1387EDF0812 /* Pods.debug.xcconfig */,
				C75E231D292A99A0CC5B7EC8 /* Pods.release.xcconfig */,
			);
			name = Pods;
			sourceTree = "<group>";
		};
		BC04E5D61C7064370092CC46 /* API */ = {
			isa = PBXGroup;
			children = (
				BC04E5D71C7065070092CC46 /* TwitterClient.swift */,
			);
			name = API;
			sourceTree = "<group>";
		};
		BC04E5D91C7078C50092CC46 /* Models */ = {
			isa = PBXGroup;
			children = (
				BC04E5DA1C7078E60092CC46 /* User.swift */,
				BC04E5DC1C7078F80092CC46 /* Tweet.swift */,
			);
			name = Models;
			sourceTree = "<group>";
		};
		BC04E5E01C7101EA0092CC46 /* ViewController */ = {
			isa = PBXGroup;
			children = (
				BCF5FE4D1C6C450A0098F159 /* ViewController.swift */,
				BC04E5DE1C708F440092CC46 /* TweetsViewController.swift */,
			);
			name = ViewController;
			sourceTree = "<group>";
		};
		BC04E5E11C710B6B0092CC46 /* View */ = {
			isa = PBXGroup;
			children = (
				BC04E5E21C710BB40092CC46 /* TweetCell.swift */,
			);
			name = View;
			sourceTree = "<group>";
		};
		BCF5FE3F1C6C450A0098F159 = {
			isa = PBXGroup;
			children = (
				BCF5FE4A1C6C450A0098F159 /* Twitter */,
				BCF5FE491C6C450A0098F159 /* Products */,
				8D00CDD19547D7620E3D4B62 /* Pods */,
				6C70EE64FFF7F8BE8361C70D /* Frameworks */,
			);
			sourceTree = "<group>";
		};
		BCF5FE491C6C450A0098F159 /* Products */ = {
			isa = PBXGroup;
			children = (
				BCF5FE481C6C450A0098F159 /* Twitter.app */,
			);
			name = Products;
			sourceTree = "<group>";
		};
		BCF5FE4A1C6C450A0098F159 /* Twitter */ = {
			isa = PBXGroup;
			children = (
				BC04E5E11C710B6B0092CC46 /* View */,
				BC04E5E01C7101EA0092CC46 /* ViewController */,
				BC04E5D91C7078C50092CC46 /* Models */,
				BC04E5D61C7064370092CC46 /* API */,
				BCF5FE4B1C6C450A0098F159 /* AppDelegate.swift */,
				BCF5FE4F1C6C450A0098F159 /* Main.storyboard */,
				BCF5FE521C6C450A0098F159 /* Assets.xcassets */,
				BCF5FE541C6C450A0098F159 /* LaunchScreen.storyboard */,
				BCF5FE571C6C450A0098F159 /* Info.plist */,
			);
			path = Twitter;
			sourceTree = "<group>";
		};
/* End PBXGroup section */

/* Begin PBXNativeTarget section */
		BCF5FE471C6C450A0098F159 /* Twitter */ = {
			isa = PBXNativeTarget;
			buildConfigurationList = BCF5FE5A1C6C450A0098F159 /* Build configuration list for PBXNativeTarget "Twitter" */;
			buildPhases = (
				5AC0DA0D07EDFAAE2FE2060E /* Check Pods Manifest.lock */,
				BCF5FE441C6C450A0098F159 /* Sources */,
				BCF5FE451C6C450A0098F159 /* Frameworks */,
				BCF5FE461C6C450A0098F159 /* Resources */,
				08E2D243899CC189C77B915E /* Embed Pods Frameworks */,
				A3098938C4EFCE99FE35E55F /* Copy Pods Resources */,
			);
			buildRules = (
			);
			dependencies = (
			);
			name = Twitter;
			productName = Twitter;
			productReference = BCF5FE481C6C450A0098F159 /* Twitter.app */;
			productType = "com.apple.product-type.application";
		};
/* End PBXNativeTarget section */

/* Begin PBXProject section */
		BCF5FE401C6C450A0098F159 /* Project object */ = {
			isa = PBXProject;
			attributes = {
				LastSwiftUpdateCheck = 0710;
				LastUpgradeCheck = 0710;
				ORGANIZATIONNAME = "Kevin Tran";
				TargetAttributes = {
					BCF5FE471C6C450A0098F159 = {
						CreatedOnToolsVersion = 7.1.1;
					};
				};
			};
			buildConfigurationList = BCF5FE431C6C450A0098F159 /* Build configuration list for PBXProject "Twitter" */;
			compatibilityVersion = "Xcode 3.2";
			developmentRegion = English;
			hasScannedForEncodings = 0;
			knownRegions = (
				en,
				Base,
			);
			mainGroup = BCF5FE3F1C6C450A0098F159;
			productRefGroup = BCF5FE491C6C450A0098F159 /* Products */;
			projectDirPath = "";
			projectRoot = "";
			targets = (
				BCF5FE471C6C450A0098F159 /* Twitter */,
			);
		};
/* End PBXProject section */

/* Begin PBXResourcesBuildPhase section */
		BCF5FE461C6C450A0098F159 /* Resources */ = {
			isa = PBXResourcesBuildPhase;
			buildActionMask = 2147483647;
			files = (
				BCF5FE561C6C450A0098F159 /* LaunchScreen.storyboard in Resources */,
				BCF5FE531C6C450A0098F159 /* Assets.xcassets in Resources */,
				BCF5FE511C6C450A0098F159 /* Main.storyboard in Resources */,
			);
			runOnlyForDeploymentPostprocessing = 0;
		};
/* End PBXResourcesBuildPhase section */

/* Begin PBXShellScriptBuildPhase section */
		08E2D243899CC189C77B915E /* Embed Pods Frameworks */ = {
			isa = PBXShellScriptBuildPhase;
			buildActionMask = 2147483647;
			files = (
			);
			inputPaths = (
			);
			name = "Embed Pods Frameworks";
			outputPaths = (
			);
			runOnlyForDeploymentPostprocessing = 0;
			shellPath = /bin/sh;
			shellScript = "\"${SRCROOT}/Pods/Target Support Files/Pods/Pods-frameworks.sh\"\n";
			showEnvVarsInLog = 0;
		};
		5AC0DA0D07EDFAAE2FE2060E /* Check Pods Manifest.lock */ = {
			isa = PBXShellScriptBuildPhase;
			buildActionMask = 2147483647;
			files = (
			);
			inputPaths = (
			);
			name = "Check Pods Manifest.lock";
			outputPaths = (
			);
			runOnlyForDeploymentPostprocessing = 0;
			shellPath = /bin/sh;
			shellScript = "diff \"${PODS_ROOT}/../Podfile.lock\" \"${PODS_ROOT}/Manifest.lock\" > /dev/null\nif [[ $? != 0 ]] ; then\n    cat << EOM\nerror: The sandbox is not in sync with the Podfile.lock. Run 'pod install' or update your CocoaPods installation.\nEOM\n    exit 1\nfi\n";
			showEnvVarsInLog = 0;
		};
		A3098938C4EFCE99FE35E55F /* Copy Pods Resources */ = {
			isa = PBXShellScriptBuildPhase;
			buildActionMask = 2147483647;
			files = (
			);
			inputPaths = (
			);
			name = "Copy Pods Resources";
			outputPaths = (
			);
			runOnlyForDeploymentPostprocessing = 0;
			shellPath = /bin/sh;
			shellScript = "\"${SRCROOT}/Pods/Target Support Files/Pods/Pods-resources.sh\"\n";
			showEnvVarsInLog = 0;
		};
/* End PBXShellScriptBuildPhase section */

/* Begin PBXSourcesBuildPhase section */
		BCF5FE441C6C450A0098F159 /* Sources */ = {
			isa = PBXSourcesBuildPhase;
			buildActionMask = 2147483647;
			files = (
				BC04E5DB1C7078E60092CC46 /* User.swift in Sources */,
				BC04E5E31C710BB40092CC46 /* TweetCell.swift in Sources */,
				BC04E5DD1C7078F80092CC46 /* Tweet.swift in Sources */,
				BC04E5DF1C708F440092CC46 /* TweetsViewController.swift in Sources */,
				BCF5FE4E1C6C450A0098F159 /* ViewController.swift in Sources */,
				BC04E5D81C7065070092CC46 /* TwitterClient.swift in Sources */,
				BCF5FE4C1C6C450A0098F159 /* AppDelegate.swift in Sources */,
			);
			runOnlyForDeploymentPostprocessing = 0;
		};
/* End PBXSourcesBuildPhase section */

/* Begin PBXVariantGroup section */
		BCF5FE4F1C6C450A0098F159 /* Main.storyboard */ = {
			isa = PBXVariantGroup;
			children = (
				BCF5FE501C6C450A0098F159 /* Base */,
			);
			name = Main.storyboard;
			sourceTree = "<group>";
		};
		BCF5FE541C6C450A0098F159 /* LaunchScreen.storyboard */ = {
			isa = PBXVariantGroup;
			children = (
				BCF5FE551C6C450A0098F159 /* Base */,
			);
			name = LaunchScreen.storyboard;
			sourceTree = "<group>";
		};
/* End PBXVariantGroup section */

/* Begin XCBuildConfiguration section */
		BCF5FE581C6C450A0098F159 /* Debug */ = {
			isa = XCBuildConfiguration;
			buildSettings = {
				ALWAYS_SEARCH_USER_PATHS = NO;
				CLANG_CXX_LANGUAGE_STANDARD = "gnu++0x";
				CLANG_CXX_LIBRARY = "libc++";
				CLANG_ENABLE_MODULES = YES;
				CLANG_ENABLE_OBJC_ARC = YES;
				CLANG_WARN_BOOL_CONVERSION = YES;
				CLANG_WARN_CONSTANT_CONVERSION = YES;
				CLANG_WARN_DIRECT_OBJC_ISA_USAGE = YES_ERROR;
				CLANG_WARN_EMPTY_BODY = YES;
				CLANG_WARN_ENUM_CONVERSION = YES;
				CLANG_WARN_INT_CONVERSION = YES;
				CLANG_WARN_OBJC_ROOT_CLASS = YES_ERROR;
				CLANG_WARN_UNREACHABLE_CODE = YES;
				CLANG_WARN__DUPLICATE_METHOD_MATCH = YES;
				"CODE_SIGN_IDENTITY[sdk=iphoneos*]" = "iPhone Developer";
				COPY_PHASE_STRIP = NO;
				DEBUG_INFORMATION_FORMAT = dwarf;
				ENABLE_STRICT_OBJC_MSGSEND = YES;
				ENABLE_TESTABILITY = YES;
				GCC_C_LANGUAGE_STANDARD = gnu99;
				GCC_DYNAMIC_NO_PIC = NO;
				GCC_NO_COMMON_BLOCKS = YES;
				GCC_OPTIMIZATION_LEVEL = 0;
				GCC_PREPROCESSOR_DEFINITIONS = (
					"DEBUG=1",
					"$(inherited)",
				);
				GCC_WARN_64_TO_32_BIT_CONVERSION = YES;
				GCC_WARN_ABOUT_RETURN_TYPE = YES_ERROR;
				GCC_WARN_UNDECLARED_SELECTOR = YES;
				GCC_WARN_UNINITIALIZED_AUTOS = YES_AGGRESSIVE;
				GCC_WARN_UNUSED_FUNCTION = YES;
				GCC_WARN_UNUSED_VARIABLE = YES;
				IPHONEOS_DEPLOYMENT_TARGET = 9.1;
				MTL_ENABLE_DEBUG_INFO = YES;
				ONLY_ACTIVE_ARCH = YES;
				SDKROOT = iphoneos;
				SWIFT_OPTIMIZATION_LEVEL = "-Onone";
				TARGETED_DEVICE_FAMILY = "1,2";
			};
			name = Debug;
		};
		BCF5FE591C6C450A0098F159 /* Release */ = {
			isa = XCBuildConfiguration;
			buildSettings = {
				ALWAYS_SEARCH_USER_PATHS = NO;
				CLANG_CXX_LANGUAGE_STANDARD = "gnu++0x";
				CLANG_CXX_LIBRARY = "libc++";
				CLANG_ENABLE_MODULES = YES;
				CLANG_ENABLE_OBJC_ARC = YES;
				CLANG_WARN_BOOL_CONVERSION = YES;
				CLANG_WARN_CONSTANT_CONVERSION = YES;
				CLANG_WARN_DIRECT_OBJC_ISA_USAGE = YES_ERROR;
				CLANG_WARN_EMPTY_BODY = YES;
				CLANG_WARN_ENUM_CONVERSION = YES;
				CLANG_WARN_INT_CONVERSION = YES;
				CLANG_WARN_OBJC_ROOT_CLASS = YES_ERROR;
				CLANG_WARN_UNREACHABLE_CODE = YES;
				CLANG_WARN__DUPLICATE_METHOD_MATCH = YES;
				"CODE_SIGN_IDENTITY[sdk=iphoneos*]" = "iPhone Developer";
				COPY_PHASE_STRIP = NO;
				DEBUG_INFORMATION_FORMAT = "dwarf-with-dsym";
				ENABLE_NS_ASSERTIONS = NO;
				ENABLE_STRICT_OBJC_MSGSEND = YES;
				GCC_C_LANGUAGE_STANDARD = gnu99;
				GCC_NO_COMMON_BLOCKS = YES;
				GCC_WARN_64_TO_32_BIT_CONVERSION = YES;
				GCC_WARN_ABOUT_RETURN_TYPE = YES_ERROR;
				GCC_WARN_UNDECLARED_SELECTOR = YES;
				GCC_WARN_UNINITIALIZED_AUTOS = YES_AGGRESSIVE;
				GCC_WARN_UNUSED_FUNCTION = YES;
				GCC_WARN_UNUSED_VARIABLE = YES;
				IPHONEOS_DEPLOYMENT_TARGET = 9.1;
				MTL_ENABLE_DEBUG_INFO = NO;
				SDKROOT = iphoneos;
				TARGETED_DEVICE_FAMILY = "1,2";
				VALIDATE_PRODUCT = YES;
			};
			name = Release;
		};
		BCF5FE5B1C6C450A0098F159 /* Debug */ = {
			isa = XCBuildConfiguration;
			baseConfigurationReference = EBA51023479AA1387EDF0812 /* Pods.debug.xcconfig */;
			buildSettings = {
				ASSETCATALOG_COMPILER_APPICON_NAME = AppIcon;
				INFOPLIST_FILE = Twitter/Info.plist;
				LD_RUNPATH_SEARCH_PATHS = "$(inherited) @executable_path/Frameworks";
				PRODUCT_BUNDLE_IDENTIFIER = kev.Twitter;
				PRODUCT_NAME = "$(TARGET_NAME)";
			};
			name = Debug;
		};
		BCF5FE5C1C6C450A0098F159 /* Release */ = {
			isa = XCBuildConfiguration;
			baseConfigurationReference = C75E231D292A99A0CC5B7EC8 /* Pods.release.xcconfig */;
			buildSettings = {
				ASSETCATALOG_COMPILER_APPICON_NAME = AppIcon;
				INFOPLIST_FILE = Twitter/Info.plist;
				LD_RUNPATH_SEARCH_PATHS = "$(inherited) @executable_path/Frameworks";
				PRODUCT_BUNDLE_IDENTIFIER = kev.Twitter;
				PRODUCT_NAME = "$(TARGET_NAME)";
			};
			name = Release;
		};
/* End XCBuildConfiguration section */

/* Begin XCConfigurationList section */
		BCF5FE431C6C450A0098F159 /* Build configuration list for PBXProject "Twitter" */ = {
			isa = XCConfigurationList;
			buildConfigurations = (
				BCF5FE581C6C450A0098F159 /* Debug */,
				BCF5FE591C6C450A0098F159 /* Release */,
			);
			defaultConfigurationIsVisible = 0;
			defaultConfigurationName = Release;
		};
		BCF5FE5A1C6C450A0098F159 /* Build configuration list for PBXNativeTarget "Twitter" */ = {
			isa = XCConfigurationList;
			buildConfigurations = (
				BCF5FE5B1C6C450A0098F159 /* Debug */,
				BCF5FE5C1C6C450A0098F159 /* Release */,
			);
			defaultConfigurationIsVisible = 0;
			defaultConfigurationName = Release;
		};
/* End XCConfigurationList section */
	};
	rootObject = BCF5FE401C6C450A0098F159 /* Project object */;
}
